// !$*UTF8*$!
{
	archiveVersion = 1;
	classes = {
	};
	objectVersion = 55;
	objects = {

/* Begin PBXBuildFile section */
		6D51948F271EB525006ACC60 /* AppDelegate.swift in Sources */ = {isa = PBXBuildFile; fileRef = 6D51948E271EB525006ACC60 /* AppDelegate.swift */; };
		6D519491271EB525006ACC60 /* SceneDelegate.swift in Sources */ = {isa = PBXBuildFile; fileRef = 6D519490271EB525006ACC60 /* SceneDelegate.swift */; };
		6D519493271EB525006ACC60 /* GitHubRepoViewController.swift in Sources */ = {isa = PBXBuildFile; fileRef = 6D519492271EB525006ACC60 /* GitHubRepoViewController.swift */; };
		6D519498271EB526006ACC60 /* Assets.xcassets in Resources */ = {isa = PBXBuildFile; fileRef = 6D519497271EB526006ACC60 /* Assets.xcassets */; };
		6D51949B271EB526006ACC60 /* LaunchScreen.storyboard in Resources */ = {isa = PBXBuildFile; fileRef = 6D519499271EB526006ACC60 /* LaunchScreen.storyboard */; };
		6D5194A4271EB889006ACC60 /* RxSwift in Frameworks */ = {isa = PBXBuildFile; productRef = 6D5194A3271EB889006ACC60 /* RxSwift */; };
		6D5194A9271EBB09006ACC60 /* RxRelay in Frameworks */ = {isa = PBXBuildFile; productRef = 6D5194A8271EBB09006ACC60 /* RxRelay */; };
		6D5194AB271EC652006ACC60 /* RxCocoa in Frameworks */ = {isa = PBXBuildFile; productRef = 6D5194AA271EC652006ACC60 /* RxCocoa */; };
		6D5194AD271ECAAE006ACC60 /* GitHubModel.swift in Sources */ = {isa = PBXBuildFile; fileRef = 6D5194AC271ECAAE006ACC60 /* GitHubModel.swift */; };
		6D5194AF271EE5BA006ACC60 /* GitHubObservable.swift in Sources */ = {isa = PBXBuildFile; fileRef = 6D5194AE271EE5BA006ACC60 /* GitHubObservable.swift */; };
		6D8B75FC2722EBB400404E6B /* StringExtension.swift in Sources */ = {isa = PBXBuildFile; fileRef = 6D8B75FB2722EBB400404E6B /* StringExtension.swift */; };
		6D8B75FE2722EBE500404E6B /* StackViewExtension.swift in Sources */ = {isa = PBXBuildFile; fileRef = 6D8B75FD2722EBE500404E6B /* StackViewExtension.swift */; };
		6DC57550272008F7009F3BA0 /* GitHubTableViewCell.swift in Sources */ = {isa = PBXBuildFile; fileRef = 6DC5754E272008F7009F3BA0 /* GitHubTableViewCell.swift */; };
		6DC57551272008F7009F3BA0 /* GitHubTableViewCell.xib in Resources */ = {isa = PBXBuildFile; fileRef = 6DC5754F272008F7009F3BA0 /* GitHubTableViewCell.xib */; };
		6DC5755627200B97009F3BA0 /* RxDataSources in Frameworks */ = {isa = PBXBuildFile; productRef = 6DC5755527200B97009F3BA0 /* RxDataSources */; };
		6DC5755927201C7A009F3BA0 /* RepoInfoViewController.swift in Sources */ = {isa = PBXBuildFile; fileRef = 6DC5755827201C7A009F3BA0 /* RepoInfoViewController.swift */; };
		6DC5755B27203EDC009F3BA0 /* WebImageView.swift in Sources */ = {isa = PBXBuildFile; fileRef = 6DC5755A27203EDC009F3BA0 /* WebImageView.swift */; };
		6DC5755E27205266009F3BA0 /* RepInfoObservable.swift in Sources */ = {isa = PBXBuildFile; fileRef = 6DC5755D27205266009F3BA0 /* RepInfoObservable.swift */; };
		6DC575602720542C009F3BA0 /* RepInfoModel.swift in Sources */ = {isa = PBXBuildFile; fileRef = 6DC5755F2720542C009F3BA0 /* RepInfoModel.swift */; };
/* End PBXBuildFile section */

/* Begin PBXFileReference section */
		6D51948B271EB525006ACC60 /* RxTest.app */ = {isa = PBXFileReference; explicitFileType = wrapper.application; includeInIndex = 0; path = RxTest.app; sourceTree = BUILT_PRODUCTS_DIR; };
		6D51948E271EB525006ACC60 /* AppDelegate.swift */ = {isa = PBXFileReference; lastKnownFileType = sourcecode.swift; path = AppDelegate.swift; sourceTree = "<group>"; };
		6D519490271EB525006ACC60 /* SceneDelegate.swift */ = {isa = PBXFileReference; lastKnownFileType = sourcecode.swift; path = SceneDelegate.swift; sourceTree = "<group>"; };
		6D519492271EB525006ACC60 /* GitHubRepoViewController.swift */ = {isa = PBXFileReference; lastKnownFileType = sourcecode.swift; path = GitHubRepoViewController.swift; sourceTree = "<group>"; };
		6D519497271EB526006ACC60 /* Assets.xcassets */ = {isa = PBXFileReference; lastKnownFileType = folder.assetcatalog; path = Assets.xcassets; sourceTree = "<group>"; };
		6D51949A271EB526006ACC60 /* Base */ = {isa = PBXFileReference; lastKnownFileType = file.storyboard; name = Base; path = Base.lproj/LaunchScreen.storyboard; sourceTree = "<group>"; };
		6D51949C271EB526006ACC60 /* Info.plist */ = {isa = PBXFileReference; lastKnownFileType = text.plist.xml; path = Info.plist; sourceTree = "<group>"; };
		6D5194AC271ECAAE006ACC60 /* GitHubModel.swift */ = {isa = PBXFileReference; lastKnownFileType = sourcecode.swift; path = GitHubModel.swift; sourceTree = "<group>"; };
		6D5194AE271EE5BA006ACC60 /* GitHubObservable.swift */ = {isa = PBXFileReference; lastKnownFileType = sourcecode.swift; path = GitHubObservable.swift; sourceTree = "<group>"; };
		6D8B75FB2722EBB400404E6B /* StringExtension.swift */ = {isa = PBXFileReference; lastKnownFileType = sourcecode.swift; path = StringExtension.swift; sourceTree = "<group>"; };
		6D8B75FD2722EBE500404E6B /* StackViewExtension.swift */ = {isa = PBXFileReference; lastKnownFileType = sourcecode.swift; path = StackViewExtension.swift; sourceTree = "<group>"; };
		6DC5754E272008F7009F3BA0 /* GitHubTableViewCell.swift */ = {isa = PBXFileReference; lastKnownFileType = sourcecode.swift; path = GitHubTableViewCell.swift; sourceTree = "<group>"; };
		6DC5754F272008F7009F3BA0 /* GitHubTableViewCell.xib */ = {isa = PBXFileReference; lastKnownFileType = file.xib; path = GitHubTableViewCell.xib; sourceTree = "<group>"; };
		6DC5755827201C7A009F3BA0 /* RepoInfoViewController.swift */ = {isa = PBXFileReference; lastKnownFileType = sourcecode.swift; path = RepoInfoViewController.swift; sourceTree = "<group>"; };
		6DC5755A27203EDC009F3BA0 /* WebImageView.swift */ = {isa = PBXFileReference; lastKnownFileType = sourcecode.swift; path = WebImageView.swift; sourceTree = "<group>"; };
		6DC5755D27205266009F3BA0 /* RepInfoObservable.swift */ = {isa = PBXFileReference; lastKnownFileType = sourcecode.swift; path = RepInfoObservable.swift; sourceTree = "<group>"; };
		6DC5755F2720542C009F3BA0 /* RepInfoModel.swift */ = {isa = PBXFileReference; lastKnownFileType = sourcecode.swift; path = RepInfoModel.swift; sourceTree = "<group>"; };
/* End PBXFileReference section */

/* Begin PBXFrameworksBuildPhase section */
		6D519488271EB525006ACC60 /* Frameworks */ = {
			isa = PBXFrameworksBuildPhase;
			buildActionMask = 2147483647;
			files = (
				6D5194AB271EC652006ACC60 /* RxCocoa in Frameworks */,
				6DC5755627200B97009F3BA0 /* RxDataSources in Frameworks */,
				6D5194A9271EBB09006ACC60 /* RxRelay in Frameworks */,
				6D5194A4271EB889006ACC60 /* RxSwift in Frameworks */,
			);
			runOnlyForDeploymentPostprocessing = 0;
		};
/* End PBXFrameworksBuildPhase section */

/* Begin PBXGroup section */
		6D519482271EB525006ACC60 = {
			isa = PBXGroup;
			children = (
				6D51948D271EB525006ACC60 /* RxTest */,
				6D51948C271EB525006ACC60 /* Products */,
				6D5194A5271EB894006ACC60 /* Frameworks */,
			);
			sourceTree = "<group>";
		};
		6D51948C271EB525006ACC60 /* Products */ = {
			isa = PBXGroup;
			children = (
				6D51948B271EB525006ACC60 /* RxTest.app */,
			);
			name = Products;
			sourceTree = "<group>";
		};
		6D51948D271EB525006ACC60 /* RxTest */ = {
			isa = PBXGroup;
			children = (
				6D51948E271EB525006ACC60 /* AppDelegate.swift */,
				6D519490271EB525006ACC60 /* SceneDelegate.swift */,
				6DC5755C27205247009F3BA0 /* RepInfo */,
				6DC575572720148B009F3BA0 /* GitHubRepo */,
				6D519497271EB526006ACC60 /* Assets.xcassets */,
				6D519499271EB526006ACC60 /* LaunchScreen.storyboard */,
				6D51949C271EB526006ACC60 /* Info.plist */,
				6D8B75FA2722EBA300404E6B /* Helper */,
			);
			path = RxTest;
			sourceTree = "<group>";
		};
		6D5194A5271EB894006ACC60 /* Frameworks */ = {
			isa = PBXGroup;
			children = (
			);
			name = Frameworks;
			sourceTree = "<group>";
		};
		6D8B75FA2722EBA300404E6B /* Helper */ = {
			isa = PBXGroup;
			children = (
				6DC5755A27203EDC009F3BA0 /* WebImageView.swift */,
				6D8B75FB2722EBB400404E6B /* StringExtension.swift */,
				6D8B75FD2722EBE500404E6B /* StackViewExtension.swift */,
			);
			path = Helper;
			sourceTree = "<group>";
		};
		6DC5755327200901009F3BA0 /* Cell */ = {
			isa = PBXGroup;
			children = (
				6DC5754E272008F7009F3BA0 /* GitHubTableViewCell.swift */,
				6DC5754F272008F7009F3BA0 /* GitHubTableViewCell.xib */,
			);
			path = Cell;
			sourceTree = "<group>";
		};
		6DC575572720148B009F3BA0 /* GitHubRepo */ = {
			isa = PBXGroup;
			children = (
				6D519492271EB525006ACC60 /* GitHubRepoViewController.swift */,
				6D5194AC271ECAAE006ACC60 /* GitHubModel.swift */,
				6D5194AE271EE5BA006ACC60 /* GitHubObservable.swift */,
				6DC5755327200901009F3BA0 /* Cell */,
			);
			path = GitHubRepo;
			sourceTree = "<group>";
		};
		6DC5755C27205247009F3BA0 /* RepInfo */ = {
			isa = PBXGroup;
			children = (
				6DC5755827201C7A009F3BA0 /* RepoInfoViewController.swift */,
				6DC5755D27205266009F3BA0 /* RepInfoObservable.swift */,
				6DC5755F2720542C009F3BA0 /* RepInfoModel.swift */,
			);
			path = RepInfo;
			sourceTree = "<group>";
		};
/* End PBXGroup section */

/* Begin PBXNativeTarget section */
		6D51948A271EB525006ACC60 /* RxTest */ = {
			isa = PBXNativeTarget;
			buildConfigurationList = 6D51949F271EB526006ACC60 /* Build configuration list for PBXNativeTarget "RxTest" */;
			buildPhases = (
				6D519487271EB525006ACC60 /* Sources */,
				6D519488271EB525006ACC60 /* Frameworks */,
				6D519489271EB525006ACC60 /* Resources */,
			);
			buildRules = (
			);
			dependencies = (
			);
			name = RxTest;
			packageProductDependencies = (
				6D5194A3271EB889006ACC60 /* RxSwift */,
				6D5194A8271EBB09006ACC60 /* RxRelay */,
				6D5194AA271EC652006ACC60 /* RxCocoa */,
				6DC5755527200B97009F3BA0 /* RxDataSources */,
			);
			productName = RxTest;
			productReference = 6D51948B271EB525006ACC60 /* RxTest.app */;
			productType = "com.apple.product-type.application";
		};
/* End PBXNativeTarget section */

/* Begin PBXProject section */
		6D519483271EB525006ACC60 /* Project object */ = {
			isa = PBXProject;
			attributes = {
				BuildIndependentTargetsInParallel = 1;
				LastSwiftUpdateCheck = 1300;
				LastUpgradeCheck = 1300;
				TargetAttributes = {
					6D51948A271EB525006ACC60 = {
						CreatedOnToolsVersion = 13.0;
					};
				};
			};
			buildConfigurationList = 6D519486271EB525006ACC60 /* Build configuration list for PBXProject "RxTest" */;
			compatibilityVersion = "Xcode 13.0";
			developmentRegion = en;
			hasScannedForEncodings = 0;
			knownRegions = (
				en,
				Base,
			);
			mainGroup = 6D519482271EB525006ACC60;
			packageReferences = (
				6D5194A2271EB889006ACC60 /* XCRemoteSwiftPackageReference "RxSwift" */,
				6DC5755427200B97009F3BA0 /* XCRemoteSwiftPackageReference "RxDataSources" */,
			);
			productRefGroup = 6D51948C271EB525006ACC60 /* Products */;
			projectDirPath = "";
			projectRoot = "";
			targets = (
				6D51948A271EB525006ACC60 /* RxTest */,
			);
		};
/* End PBXProject section */

/* Begin PBXResourcesBuildPhase section */
		6D519489271EB525006ACC60 /* Resources */ = {
			isa = PBXResourcesBuildPhase;
			buildActionMask = 2147483647;
			files = (
				6D51949B271EB526006ACC60 /* LaunchScreen.storyboard in Resources */,
				6DC57551272008F7009F3BA0 /* GitHubTableViewCell.xib in Resources */,
				6D519498271EB526006ACC60 /* Assets.xcassets in Resources */,
			);
			runOnlyForDeploymentPostprocessing = 0;
		};
/* End PBXResourcesBuildPhase section */

/* Begin PBXSourcesBuildPhase section */
		6D519487271EB525006ACC60 /* Sources */ = {
			isa = PBXSourcesBuildPhase;
			buildActionMask = 2147483647;
			files = (
				6D8B75FC2722EBB400404E6B /* StringExtension.swift in Sources */,
				6D5194AD271ECAAE006ACC60 /* GitHubModel.swift in Sources */,
				6DC5755B27203EDC009F3BA0 /* WebImageView.swift in Sources */,
				6DC5755E27205266009F3BA0 /* RepInfoObservable.swift in Sources */,
				6D519493271EB525006ACC60 /* GitHubRepoViewController.swift in Sources */,
				6DC57550272008F7009F3BA0 /* GitHubTableViewCell.swift in Sources */,
				6D51948F271EB525006ACC60 /* AppDelegate.swift in Sources */,
				6D519491271EB525006ACC60 /* SceneDelegate.swift in Sources */,
				6DC575602720542C009F3BA0 /* RepInfoModel.swift in Sources */,
				6D8B75FE2722EBE500404E6B /* StackViewExtension.swift in Sources */,
				6D5194AF271EE5BA006ACC60 /* GitHubObservable.swift in Sources */,
				6DC5755927201C7A009F3BA0 /* RepoInfoViewController.swift in Sources */,
			);
			runOnlyForDeploymentPostprocessing = 0;
		};
/* End PBXSourcesBuildPhase section */

/* Begin PBXVariantGroup section */
		6D519499271EB526006ACC60 /* LaunchScreen.storyboard */ = {
			isa = PBXVariantGroup;
			children = (
				6D51949A271EB526006ACC60 /* Base */,
			);
			name = LaunchScreen.storyboard;
			sourceTree = "<group>";
		};
/* End PBXVariantGroup section */

/* Begin XCBuildConfiguration section */
		6D51949D271EB526006ACC60 /* Debug */ = {
			isa = XCBuildConfiguration;
			buildSettings = {
				ALWAYS_SEARCH_USER_PATHS = NO;
				CLANG_ANALYZER_NONNULL = YES;
				CLANG_ANALYZER_NUMBER_OBJECT_CONVERSION = YES_AGGRESSIVE;
				CLANG_CXX_LANGUAGE_STANDARD = "gnu++17";
				CLANG_CXX_LIBRARY = "libc++";
				CLANG_ENABLE_MODULES = YES;
				CLANG_ENABLE_OBJC_ARC = YES;
				CLANG_ENABLE_OBJC_WEAK = YES;
				CLANG_WARN_BLOCK_CAPTURE_AUTORELEASING = YES;
				CLANG_WARN_BOOL_CONVERSION = YES;
				CLANG_WARN_COMMA = YES;
				CLANG_WARN_CONSTANT_CONVERSION = YES;
				CLANG_WARN_DEPRECATED_OBJC_IMPLEMENTATIONS = YES;
				CLANG_WARN_DIRECT_OBJC_ISA_USAGE = YES_ERROR;
				CLANG_WARN_DOCUMENTATION_COMMENTS = YES;
				CLANG_WARN_EMPTY_BODY = YES;
				CLANG_WARN_ENUM_CONVERSION = YES;
				CLANG_WARN_INFINITE_RECURSION = YES;
				CLANG_WARN_INT_CONVERSION = YES;
				CLANG_WARN_NON_LITERAL_NULL_CONVERSION = YES;
				CLANG_WARN_OBJC_IMPLICIT_RETAIN_SELF = YES;
				CLANG_WARN_OBJC_LITERAL_CONVERSION = YES;
				CLANG_WARN_OBJC_ROOT_CLASS = YES_ERROR;
				CLANG_WARN_QUOTED_INCLUDE_IN_FRAMEWORK_HEADER = YES;
				CLANG_WARN_RANGE_LOOP_ANALYSIS = YES;
				CLANG_WARN_STRICT_PROTOTYPES = YES;
				CLANG_WARN_SUSPICIOUS_MOVE = YES;
				CLANG_WARN_UNGUARDED_AVAILABILITY = YES_AGGRESSIVE;
				CLANG_WARN_UNREACHABLE_CODE = YES;
				CLANG_WARN__DUPLICATE_METHOD_MATCH = YES;
				COPY_PHASE_STRIP = NO;
				DEBUG_INFORMATION_FORMAT = dwarf;
				ENABLE_STRICT_OBJC_MSGSEND = YES;
				ENABLE_TESTABILITY = YES;
				GCC_C_LANGUAGE_STANDARD = gnu11;
				GCC_DYNAMIC_NO_PIC = NO;
				GCC_NO_COMMON_BLOCKS = YES;
				GCC_OPTIMIZATION_LEVEL = 0;
				GCC_PREPROCESSOR_DEFINITIONS = (
					"DEBUG=1",
					"$(inherited)",
				);
				GCC_WARN_64_TO_32_BIT_CONVERSION = YES;
				GCC_WARN_ABOUT_RETURN_TYPE = YES_ERROR;
				GCC_WARN_UNDECLARED_SELECTOR = YES;
				GCC_WARN_UNINITIALIZED_AUTOS = YES_AGGRESSIVE;
				GCC_WARN_UNUSED_FUNCTION = YES;
				GCC_WARN_UNUSED_VARIABLE = YES;
				IPHONEOS_DEPLOYMENT_TARGET = 15.0;
				MTL_ENABLE_DEBUG_INFO = INCLUDE_SOURCE;
				MTL_FAST_MATH = YES;
				ONLY_ACTIVE_ARCH = YES;
				SDKROOT = iphoneos;
				SWIFT_ACTIVE_COMPILATION_CONDITIONS = DEBUG;
				SWIFT_OPTIMIZATION_LEVEL = "-Onone";
			};
			name = Debug;
		};
		6D51949E271EB526006ACC60 /* Release */ = {
			isa = XCBuildConfiguration;
			buildSettings = {
				ALWAYS_SEARCH_USER_PATHS = NO;
				CLANG_ANALYZER_NONNULL = YES;
				CLANG_ANALYZER_NUMBER_OBJECT_CONVERSION = YES_AGGRESSIVE;
				CLANG_CXX_LANGUAGE_STANDARD = "gnu++17";
				CLANG_CXX_LIBRARY = "libc++";
				CLANG_ENABLE_MODULES = YES;
				CLANG_ENABLE_OBJC_ARC = YES;
				CLANG_ENABLE_OBJC_WEAK = YES;
				CLANG_WARN_BLOCK_CAPTURE_AUTORELEASING = YES;
				CLANG_WARN_BOOL_CONVERSION = YES;
				CLANG_WARN_COMMA = YES;
				CLANG_WARN_CONSTANT_CONVERSION = YES;
				CLANG_WARN_DEPRECATED_OBJC_IMPLEMENTATIONS = YES;
				CLANG_WARN_DIRECT_OBJC_ISA_USAGE = YES_ERROR;
				CLANG_WARN_DOCUMENTATION_COMMENTS = YES;
				CLANG_WARN_EMPTY_BODY = YES;
				CLANG_WARN_ENUM_CONVERSION = YES;
				CLANG_WARN_INFINITE_RECURSION = YES;
				CLANG_WARN_INT_CONVERSION = YES;
				CLANG_WARN_NON_LITERAL_NULL_CONVERSION = YES;
				CLANG_WARN_OBJC_IMPLICIT_RETAIN_SELF = YES;
				CLANG_WARN_OBJC_LITERAL_CONVERSION = YES;
				CLANG_WARN_OBJC_ROOT_CLASS = YES_ERROR;
				CLANG_WARN_QUOTED_INCLUDE_IN_FRAMEWORK_HEADER = YES;
				CLANG_WARN_RANGE_LOOP_ANALYSIS = YES;
				CLANG_WARN_STRICT_PROTOTYPES = YES;
				CLANG_WARN_SUSPICIOUS_MOVE = YES;
				CLANG_WARN_UNGUARDED_AVAILABILITY = YES_AGGRESSIVE;
				CLANG_WARN_UNREACHABLE_CODE = YES;
				CLANG_WARN__DUPLICATE_METHOD_MATCH = YES;
				COPY_PHASE_STRIP = NO;
				DEBUG_INFORMATION_FORMAT = "dwarf-with-dsym";
				ENABLE_NS_ASSERTIONS = NO;
				ENABLE_STRICT_OBJC_MSGSEND = YES;
				GCC_C_LANGUAGE_STANDARD = gnu11;
				GCC_NO_COMMON_BLOCKS = YES;
				GCC_WARN_64_TO_32_BIT_CONVERSION = YES;
				GCC_WARN_ABOUT_RETURN_TYPE = YES_ERROR;
				GCC_WARN_UNDECLARED_SELECTOR = YES;
				GCC_WARN_UNINITIALIZED_AUTOS = YES_AGGRESSIVE;
				GCC_WARN_UNUSED_FUNCTION = YES;
				GCC_WARN_UNUSED_VARIABLE = YES;
				IPHONEOS_DEPLOYMENT_TARGET = 15.0;
				MTL_ENABLE_DEBUG_INFO = NO;
				MTL_FAST_MATH = YES;
				SDKROOT = iphoneos;
				SWIFT_COMPILATION_MODE = wholemodule;
				SWIFT_OPTIMIZATION_LEVEL = "-O";
				VALIDATE_PRODUCT = YES;
			};
			name = Release;
		};
		6D5194A0271EB526006ACC60 /* Debug */ = {
			isa = XCBuildConfiguration;
			buildSettings = {
				ASSETCATALOG_COMPILER_APPICON_NAME = AppIcon;
				ASSETCATALOG_COMPILER_GLOBAL_ACCENT_COLOR_NAME = AccentColor;
				CODE_SIGN_STYLE = Automatic;
				CURRENT_PROJECT_VERSION = 1;
				DEVELOPMENT_TEAM = ZBVHAA67XK;
				GENERATE_INFOPLIST_FILE = YES;
				INFOPLIST_FILE = RxTest/Info.plist;
				INFOPLIST_KEY_UIApplicationSupportsIndirectInputEvents = YES;
				INFOPLIST_KEY_UILaunchStoryboardName = LaunchScreen;
				INFOPLIST_KEY_UISupportedInterfaceOrientations_iPad = "UIInterfaceOrientationPortrait UIInterfaceOrientationPortraitUpsideDown UIInterfaceOrientationLandscapeLeft UIInterfaceOrientationLandscapeRight";
				INFOPLIST_KEY_UISupportedInterfaceOrientations_iPhone = "UIInterfaceOrientationPortrait UIInterfaceOrientationLandscapeLeft UIInterfaceOrientationLandscapeRight";
				LD_RUNPATH_SEARCH_PATHS = (
					"$(inherited)",
					"@executable_path/Frameworks",
				);
				MARKETING_VERSION = 1.0;
				PRODUCT_BUNDLE_IDENTIFIER = ru.MikhailIvanov.RxTest;
				PRODUCT_NAME = "$(TARGET_NAME)";
				SWIFT_EMIT_LOC_STRINGS = YES;
				SWIFT_VERSION = 5.0;
				TARGETED_DEVICE_FAMILY = 1;
			};
			name = Debug;
		};
		6D5194A1271EB526006ACC60 /* Release */ = {
			isa = XCBuildConfiguration;
			buildSettings = {
				ASSETCATALOG_COMPILER_APPICON_NAME = AppIcon;
				ASSETCATALOG_COMPILER_GLOBAL_ACCENT_COLOR_NAME = AccentColor;
				CODE_SIGN_STYLE = Automatic;
				CURRENT_PROJECT_VERSION = 1;
				DEVELOPMENT_TEAM = ZBVHAA67XK;
				GENERATE_INFOPLIST_FILE = YES;
				INFOPLIST_FILE = RxTest/Info.plist;
				INFOPLIST_KEY_UIApplicationSupportsIndirectInputEvents = YES;
				INFOPLIST_KEY_UILaunchStoryboardName = LaunchScreen;
				INFOPLIST_KEY_UISupportedInterfaceOrientations_iPad = "UIInterfaceOrientationPortrait UIInterfaceOrientationPortraitUpsideDown UIInterfaceOrientationLandscapeLeft UIInterfaceOrientationLandscapeRight";
				INFOPLIST_KEY_UISupportedInterfaceOrientations_iPhone = "UIInterfaceOrientationPortrait UIInterfaceOrientationLandscapeLeft UIInterfaceOrientationLandscapeRight";
				LD_RUNPATH_SEARCH_PATHS = (
					"$(inherited)",
					"@executable_path/Frameworks",
				);
				MARKETING_VERSION = 1.0;
				PRODUCT_BUNDLE_IDENTIFIER = ru.MikhailIvanov.RxTest;
				PRODUCT_NAME = "$(TARGET_NAME)";
				SWIFT_EMIT_LOC_STRINGS = YES;
				SWIFT_VERSION = 5.0;
				TARGETED_DEVICE_FAMILY = 1;
			};
			name = Release;
		};
/* End XCBuildConfiguration section */

/* Begin XCConfigurationList section */
		6D519486271EB525006ACC60 /* Build configuration list for PBXProject "RxTest" */ = {
			isa = XCConfigurationList;
			buildConfigurations = (
				6D51949D271EB526006ACC60 /* Debug */,
				6D51949E271EB526006ACC60 /* Release */,
			);
			defaultConfigurationIsVisible = 0;
			defaultConfigurationName = Release;
		};
		6D51949F271EB526006ACC60 /* Build configuration list for PBXNativeTarget "RxTest" */ = {
			isa = XCConfigurationList;
			buildConfigurations = (
				6D5194A0271EB526006ACC60 /* Debug */,
				6D5194A1271EB526006ACC60 /* Release */,
			);
			defaultConfigurationIsVisible = 0;
			defaultConfigurationName = Release;
		};
/* End XCConfigurationList section */

/* Begin XCRemoteSwiftPackageReference section */
		6D5194A2271EB889006ACC60 /* XCRemoteSwiftPackageReference "RxSwift" */ = {
			isa = XCRemoteSwiftPackageReference;
			repositoryURL = "https://github.com/ReactiveX/RxSwift";
			requirement = {
				kind = upToNextMajorVersion;
				minimumVersion = 6.0.0;
			};
		};
		6DC5755427200B97009F3BA0 /* XCRemoteSwiftPackageReference "RxDataSources" */ = {
			isa = XCRemoteSwiftPackageReference;
			repositoryURL = "https://github.com/RxSwiftCommunity/RxDataSources";
			requirement = {
				kind = upToNextMajorVersion;
				minimumVersion = 5.0.0;
			};
		};
/* End XCRemoteSwiftPackageReference section */

/* Begin XCSwiftPackageProductDependency section */
		6D5194A3271EB889006ACC60 /* RxSwift */ = {
			isa = XCSwiftPackageProductDependency;
			package = 6D5194A2271EB889006ACC60 /* XCRemoteSwiftPackageReference "RxSwift" */;
			productName = RxSwift;
		};
		6D5194A8271EBB09006ACC60 /* RxRelay */ = {
			isa = XCSwiftPackageProductDependency;
			package = 6D5194A2271EB889006ACC60 /* XCRemoteSwiftPackageReference "RxSwift" */;
			productName = RxRelay;
		};
		6D5194AA271EC652006ACC60 /* RxCocoa */ = {
			isa = XCSwiftPackageProductDependency;
			package = 6D5194A2271EB889006ACC60 /* XCRemoteSwiftPackageReference "RxSwift" */;
			productName = RxCocoa;
		};
		6DC5755527200B97009F3BA0 /* RxDataSources */ = {
			isa = XCSwiftPackageProductDependency;
			package = 6DC5755427200B97009F3BA0 /* XCRemoteSwiftPackageReference "RxDataSources" */;
			productName = RxDataSources;
		};
/* End XCSwiftPackageProductDependency section */
	};
	rootObject = 6D519483271EB525006ACC60 /* Project object */;
}
